{
  "name": "root",
  "requires": true,
  "lockfileVersion": 1,
  "dependencies": {
    "eslint-plugin-sonarjs": {
      "version": "0.4.0",
      "resolved": "https://registry.npmjs.org/eslint-plugin-sonarjs/-/eslint-plugin-sonarjs-0.4.0.tgz",
      "integrity": "sha512-l8E4ueMKVtEcocINHSNVH/YBSmDDXZlPEbud7bagRGyoCeB0otoyltoro5kdnIvVzS5usUwvjzMocHnPax2FEw==",
      "dev": true
    }
  }
}
